{
  "version": "5",
  "specifiers": {
    "jsr:@std/assert@0.224": "0.224.0",
    "jsr:@std/dotenv@0.224": "0.224.2",
    "jsr:@std/encoding@0.224.0": "0.224.0",
    "jsr:@std/flags@0.224": "0.224.0",
    "jsr:@std/fmt@0.224": "0.224.0",
    "jsr:@std/fs@0.224": "0.224.0",
    "jsr:@std/fs@0.224.0": "0.224.0",
    "jsr:@std/internal@0.224": "0.224.0",
    "jsr:@std/path@0.224": "0.224.0",
    "jsr:@std/path@0.224.0": "0.224.0",
    "jsr:@ursamu/ursamu@1.5.0": "1.5.0",
    "jsr:@ursamu/ursamu@1.5.6": "1.5.6",
    "jsr:@zaubrik/djwt@^3.0.2": "3.0.2",
    "npm:@deno/sandbox@0.10.0": "0.10.0",
    "npm:@digibear/tags@1.0.0": "1.0.0",
    "npm:@langchain/core@0.3": "0.3.80_zod@3.25.76",
    "npm:@langchain/google-genai@0.2": "0.2.18_@langchain+core@0.3.80__zod@3.25.76",
    "npm:@langchain/langgraph@0.2": "0.2.74_@langchain+core@0.3.80__zod@3.25.76",
    "npm:@ursamu/parser@1.2.4": "1.2.4",
    "npm:bcryptjs@2.4.3": "2.4.3",
    "npm:discordeno@18.0.1": "18.0.1",
    "npm:lodash-es@4.17.21": "4.17.21",
    "npm:lodash@^4.17.23": "4.17.23",
    "npm:preact@10.22.0": "10.22.0",
    "npm:quickjs-emscripten@0.29.0": "0.29.0",
    "npm:sucrase@3.35.0": "3.35.0",
    "npm:zod@^3.23.0": "3.25.76"
  },
  "jsr": {
    "@std/assert@0.224.0": {
      "integrity": "8643233ec7aec38a940a8264a6e3eed9bfa44e7a71cc6b3c8874213ff401967f",
      "dependencies": [
        "jsr:@std/fmt",
        "jsr:@std/internal"
      ]
    },
    "@std/dotenv@0.224.2": {
      "integrity": "29081695357e4534696c9e986b2560be29c141ccf52daa32b6c20ff5b5c64ab9"
    },
    "@std/encoding@0.224.0": {
      "integrity": "efb6dca97d3e9c31392bd5c8cfd9f9fc9decf5a1f4d1f78af7900a493bcf89b5"
    },
    "@std/flags@0.224.0": {
      "integrity": "d40eaf58c356b2e1313c6d4e62dc28b614aad2ddae6f5ff72a969e0b1f5ad689",
      "dependencies": [
        "jsr:@std/assert"
      ]
    },
    "@std/fmt@0.224.0": {
      "integrity": "e20e9a2312a8b5393272c26191c0a68eda8d2c4b08b046bad1673148f1d69851"
    },
    "@std/fs@0.224.0": {
      "integrity": "52a5ec89731ac0ca8f971079339286f88c571a4d61686acf75833f03a89d8e69",
      "dependencies": [
        "jsr:@std/assert",
        "jsr:@std/path@0.224"
      ]
    },
    "@std/internal@0.224.0": {
      "integrity": "afc50644f9cdf4495eeb80523a8f6d27226b4b36c45c7c195dfccad4b8509291",
      "dependencies": [
        "jsr:@std/fmt"
      ]
    },
    "@std/path@0.224.0": {
      "integrity": "55bca6361e5a6d158b9380e82d4981d82d338ec587de02951e2b7c3a24910ee6",
      "dependencies": [
        "jsr:@std/assert"
      ]
    },
    "@ursamu/ursamu@1.5.0": {
      "integrity": "f1ba3c39f00c6594e59c4a805df83d03255f469ba81477914aca5de7c72f32e7",
      "dependencies": [
        "jsr:@std/dotenv",
        "jsr:@std/fs@0.224.0",
        "jsr:@std/path@0.224",
        "jsr:@std/path@0.224.0",
        "jsr:@zaubrik/djwt",
        "npm:@deno/sandbox",
        "npm:@digibear/tags",
        "npm:@ursamu/parser",
        "npm:bcryptjs",
        "npm:discordeno",
        "npm:lodash",
        "npm:quickjs-emscripten",
        "npm:sucrase"
      ]
    },
    "@ursamu/ursamu@1.5.6": {
      "integrity": "8b12de92ea713f16c3fb0ee6527e160bf545c59ccd07f4d613fcf350591dcf18",
      "dependencies": [
        "jsr:@std/dotenv",
        "jsr:@std/flags",
        "jsr:@std/fs@0.224",
        "jsr:@std/fs@0.224.0",
        "jsr:@std/path@0.224",
        "jsr:@std/path@0.224.0",
        "jsr:@zaubrik/djwt",
        "npm:@deno/sandbox",
        "npm:@digibear/tags",
        "npm:@ursamu/parser",
        "npm:bcryptjs",
        "npm:discordeno",
        "npm:lodash",
        "npm:quickjs-emscripten",
        "npm:sucrase"
      ]
    },
    "@zaubrik/djwt@3.0.2": {
      "integrity": "8070adaa49cd9e5d2b8ae82fd461132c966ef2f8ff8378db4a4da8df4f17c664",
      "dependencies": [
        "jsr:@std/encoding"
      ]
    }
  },
  "npm": {
    "@cfworker/json-schema@4.1.1": {
      "integrity": "sha512-gAmrUZSGtKc3AiBL71iNWxDsyUC5uMaKKGdvzYsBoTW/xi42JQHl7eKV2OYzCUqvc+D2RCcf7EXY2iCyFIk6og=="
    },
    "@deno/sandbox@0.10.0": {
      "integrity": "sha512-Fq41hNE4H3kKGHyYvbtkyi26SGKCawWt3dbJE2dmSsWqCf3VErfqXBMBe7hBOySBbNwPQLUS+sHsHHelAGwzjg==",
      "dependencies": [
        "@deno/shim-deno@0.18.2",
        "ws",
        "zod@4.3.6"
      ]
    },
    "@deno/shim-deno-test@0.3.3": {
      "integrity": "sha512-Ge0Tnl7zZY0VvEfgsyLhjid8DzI1d0La0dgm+3m0/A8gZXgp5xwlyIyue5e4SCUuVB/3AH/0lun9LcJhhTwmbg=="
    },
    "@deno/shim-deno-test@0.5.0": {
      "integrity": "sha512-4nMhecpGlPi0cSzT67L+Tm+GOJqvuk8gqHBziqcUQOarnuIax1z96/gJHCSIz2Z0zhxE6Rzwb3IZXPtFh51j+w=="
    },
    "@deno/shim-deno@0.18.2": {
      "integrity": "sha512-oQ0CVmOio63wlhwQF75zA4ioolPvOwAoK0yuzcS5bDC1JUvH3y1GS8xPh8EOpcoDQRU4FTG8OQfxhpR+c6DrzA==",
      "dependencies": [
        "@deno/shim-deno-test@0.5.0",
        "which@4.0.0"
      ]
    },
    "@deno/shim-deno@0.9.0": {
      "integrity": "sha512-iP+qdI4Oy/Mw9yv40TqdjNKL+stpKDo8drki2cKisTXgZf+GoIdMhIuODxSypRyv6wxIuHNx7ZiKE3Sl3kAHuw==",
      "dependencies": [
        "@deno/shim-deno-test@0.3.3",
        "which@2.0.2"
      ]
    },
    "@deno/shim-timers@0.1.0": {
      "integrity": "sha512-XFRnB5Rtbkd5RiYHwhugNK9gvDgYXmFTUOT5dmhWCKG7WnOWZggbJMnH1NcyYS3QgHvmaTOaHCyNFNSv57j3Dg=="
    },
    "@digibear/tags@1.0.0": {
      "integrity": "sha512-WyNr8pR6B0NlN1mA6PD9JYSwvT5RoYKu1w3w6Q327qA9cqTZlhdBxlywXMTiHmDzVs4b90RmgCCwy+sxpobNSQ=="
    },
    "@fastify/busboy@2.1.1": {
      "integrity": "sha512-vBZP4NlzfOlerQTnba4aqZoMhE/a9HY7HRqoOPaETQcSQuWEIyZMHGfVu6w9wGtGK5fED5qRs2DteVCjOH60sA=="
    },
    "@google/generative-ai@0.24.1": {
      "integrity": "sha512-MqO+MLfM6kjxcKoy0p1wRzG3b4ZZXtPI+z2IE26UogS2Cm/XHO+7gGRBh6gcJsOiIVoH93UwKvW4HdgiOZCy9Q=="
    },
    "@isaacs/cliui@8.0.2": {
      "integrity": "sha512-O8jcjabXaleOG9DQ0+ARXWZBTfnP4WNAqzuiJK7ll44AmxGKv/J2M4TPjxjY3znBCfvBXFzucm1twdyFybFqEA==",
      "dependencies": [
        "string-width@5.1.2",
        "string-width-cjs@npm:string-width@4.2.3",
        "strip-ansi@7.2.0",
        "strip-ansi-cjs@npm:strip-ansi@6.0.1",
        "wrap-ansi@8.1.0",
        "wrap-ansi-cjs@npm:wrap-ansi@7.0.0"
      ]
    },
    "@jitl/quickjs-ffi-types@0.29.0": {
      "integrity": "sha512-MJgGUq4gQ6UuzEMFMNJuSsfKJrQs5cjqm/Sd0dwqVKs3lxyLeWjfGfbVakffnjuiRZzej/QzkDJP4HYNMzT8AQ=="
    },
    "@jitl/quickjs-wasmfile-debug-asyncify@0.29.0": {
      "integrity": "sha512-RYJk2axlI1GB/pLKF77LEJv3t7NsbdFLLrVMc5w0rUMVjtKvD1fwU8V2FRFVs9XLLkCPHO1mBmyDOyei0hJF1w==",
      "dependencies": [
        "@jitl/quickjs-ffi-types"
      ]
    },
    "@jitl/quickjs-wasmfile-debug-sync@0.29.0": {
      "integrity": "sha512-LcfwataXeD/S+/WmdoYWuUUy/AX9S/I6rlU4ry5dUayMfhg6SnCjmLDCuLTHfh2WXkolPPemW/4aXgVxPt4qGQ==",
      "dependencies": [
        "@jitl/quickjs-ffi-types"
      ]
    },
    "@jitl/quickjs-wasmfile-release-asyncify@0.29.0": {
      "integrity": "sha512-3wHJ6Q+CQpxK1zDQtFMVi99S2z1n3qpUGmf7CrTw3x7qkBr7ZNKvJJ6aEXvzqfJDYKN//3qbYotUjJk1kiDXXg==",
      "dependencies": [
        "@jitl/quickjs-ffi-types"
      ]
    },
    "@jitl/quickjs-wasmfile-release-sync@0.29.0": {
      "integrity": "sha512-Lo2+wwir9+dSmlDz5zcilUeMPUtV5dAaWjm6b0vC9BXhMhDYPeQiIvbvMYqaRlfwod/y+wvJXX1QweO8rhHbJg==",
      "dependencies": [
        "@jitl/quickjs-ffi-types"
      ]
    },
    "@jridgewell/gen-mapping@0.3.13": {
      "integrity": "sha512-2kkt/7niJ6MgEPxF0bYdQ6etZaA+fQvDcLKckhy1yIQOzaoKjBBjSj63/aLVjYE3qhRt5dvM+uUyfCg6UKCBbA==",
      "dependencies": [
        "@jridgewell/sourcemap-codec",
        "@jridgewell/trace-mapping"
      ]
    },
    "@jridgewell/resolve-uri@3.1.2": {
      "integrity": "sha512-bRISgCIjP20/tbWSPWMEi54QVPRZExkuD9lJL+UIxUKtwVJA8wW1Trb1jMs1RFXo1CBTNZ/5hpC9QvmKWdopKw=="
    },
    "@jridgewell/sourcemap-codec@1.5.5": {
      "integrity": "sha512-cYQ9310grqxueWbl+WuIUIaiUaDcj7WOq5fVhEljNVgRfOUhY9fy2zTvfoqWsnebh8Sl70VScFbICvJnLKB0Og=="
    },
    "@jridgewell/trace-mapping@0.3.31": {
      "integrity": "sha512-zzNR+SdQSDJzc8joaeP8QQoCQr8NuYx2dIIytl1QeBEZHJ9uW6hebsrYgbz8hJwUQao3TWCMtmfV8Nu1twOLAw==",
      "dependencies": [
        "@jridgewell/resolve-uri",
        "@jridgewell/sourcemap-codec"
      ]
    },
    "@langchain/core@0.3.80_zod@3.25.76": {
      "integrity": "sha512-vcJDV2vk1AlCwSh3aBm/urQ1ZrlXFFBocv11bz/NBUfLWD5/UDNMzwPdaAd2dKvNmTWa9FM2lirLU3+JCf4cRA==",
      "dependencies": [
        "@cfworker/json-schema",
        "ansi-styles@5.2.0",
        "camelcase",
        "decamelize",
        "js-tiktoken",
        "langsmith",
        "mustache",
        "p-queue",
        "p-retry",
        "uuid@10.0.0",
        "zod@3.25.76",
        "zod-to-json-schema"
      ]
    },
    "@langchain/google-genai@0.2.18_@langchain+core@0.3.80__zod@3.25.76": {
      "integrity": "sha512-m9EiN3VKC01A7/625YQ6Q1Lqq8zueewADX4W5Tcme4RImN75zkg2Z7FYbD1Fo6Zwolc4wBNO6LUtbg3no4rv1Q==",
      "dependencies": [
        "@google/generative-ai",
        "@langchain/core",
        "uuid@11.1.0"
      ]
    },
    "@langchain/langgraph-checkpoint@0.0.18_@langchain+core@0.3.80__zod@3.25.76": {
      "integrity": "sha512-IS7zJj36VgY+4pf8ZjsVuUWef7oTwt1y9ylvwu0aLuOn1d0fg05Om9DLm3v2GZ2Df6bhLV1kfWAM0IAl9O5rQQ==",
      "dependencies": [
        "@langchain/core",
        "uuid@10.0.0"
      ]
    },
    "@langchain/langgraph-sdk@0.0.112_@langchain+core@0.3.80__zod@3.25.76": {
      "integrity": "sha512-/9W5HSWCqYgwma6EoOspL4BGYxGxeJP6lIquPSF4FA0JlKopaUv58ucZC3vAgdJyCgg6sorCIV/qg7SGpEcCLw==",
      "dependencies": [
        "@langchain/core",
        "@types/json-schema",
        "p-queue",
        "p-retry",
        "uuid@9.0.1"
      ],
      "optionalPeers": [
        "@langchain/core"
      ]
    },
    "@langchain/langgraph@0.2.74_@langchain+core@0.3.80__zod@3.25.76": {
      "integrity": "sha512-oHpEi5sTZTPaeZX1UnzfM2OAJ21QGQrwReTV6+QnX7h8nDCBzhtipAw1cK616S+X8zpcVOjgOtJuaJhXa4mN8w==",
      "dependencies": [
        "@langchain/core",
        "@langchain/langgraph-checkpoint",
        "@langchain/langgraph-sdk",
        "uuid@10.0.0",
        "zod@3.25.76"
      ]
    },
    "@pkgjs/parseargs@0.11.0": {
      "integrity": "sha512-+1VkjdD0QBLPodGrJUeqarH8VAIvQODIbwh9XpP5Syisf7YoQgsJKPNFoqqLQlu+VQ/tVSshMR6loPMn8U+dPg=="
    },
    "@types/json-schema@7.0.15": {
      "integrity": "sha512-5+fP8P8MFNC+AyZCDxrB2pkZFPGzqQWUzpSeuuVLvm8VMcorNYavBqoFcxK8bQz4Qsbn4oUEEem4wDLfcysGHA=="
    },
    "@types/retry@0.12.0": {
      "integrity": "sha512-wWKOClTTiizcZhXnPY4wikVAwmdYHp8q6DmC+EJUzAMsycb7HB32Kh9RN4+0gExjmPmZSAQjgURXIGATPegAvA=="
    },
    "@types/uuid@10.0.0": {
      "integrity": "sha512-7gqG38EyHgyP1S+7+xomFtL+ZNHcKv6DwNaCZmJmo1vgMugyF3TCnXVg4t1uk89mLNwnLtnY3TpOpCOyp1/xHQ=="
    },
    "@ursamu/parser@1.2.4": {
      "integrity": "sha512-DFAdy/9Dz+LMh5EPspOLQZR0ysqncpt3c8tAAXHUg7mzmzJwK0UMmTkQt4LyZlUR2YRREmxtwt74kazdiJDbuA==",
      "dependencies": [
        "pegjs"
      ]
    },
    "ansi-regex@5.0.1": {
      "integrity": "sha512-quJQXlTSUGL2LH9SUXo8VwsY4soanhgo6LNSm84E1LBcE8s3O0wpdiRzyR9z/ZZJMlMWv37qOOb9pdJlMUEKFQ=="
    },
    "ansi-regex@6.2.2": {
      "integrity": "sha512-Bq3SmSpyFHaWjPk8If9yc6svM8c56dB5BAtW4Qbw5jHTwwXXcTLoRMkpDJp6VL0XzlWaCHTXrkFURMYmD0sLqg=="
    },
    "ansi-styles@4.3.0": {
      "integrity": "sha512-zbB9rCJAT1rbjiVDb2hqKFHNYLxgtk8NURxZ3IZwD3F6NtxbXZQCnnSi1Lkx+IDohdPlFp222wVALIheZJQSEg==",
      "dependencies": [
        "color-convert"
      ]
    },
    "ansi-styles@5.2.0": {
      "integrity": "sha512-Cxwpt2SfTzTtXcfOlzGEee8O+c+MmUgGrNiBcXnuWxuFJHe6a5Hz7qwhwe5OgaSYI0IJvkLqWX1ASG+cJOkEiA=="
    },
    "ansi-styles@6.2.3": {
      "integrity": "sha512-4Dj6M28JB+oAH8kFkTLUo+a2jwOFkuqb3yucU0CANcRRUbxS0cP0nZYCGjcc3BNXwRIsUVmDGgzawme7zvJHvg=="
    },
    "any-promise@1.3.0": {
      "integrity": "sha512-7UvmKalWRt1wgjL1RrGxoSJW/0QZFIegpeGvZG9kjp8vrRu55XTHbwnqq2GpXm9uLbcuhxm3IqX9OB4MZR1b2A=="
    },
    "balanced-match@1.0.2": {
      "integrity": "sha512-3oSeUO0TMV67hN1AmbXsK4yaqU7tjiHlbxRDZOpH0KW9+CeX4bRAaX0Anxt0tx2MrpRpWwQaPwIlISEJhYU5Pw=="
    },
    "base64-js@1.5.1": {
      "integrity": "sha512-AKpaYlHn8t4SVbOHCy+b5+KKgvR4vrsD8vbvrbiQJps7fKDTkjkDry6ji0rUJjC0kzbNePLwzxq8iypo41qeWA=="
    },
    "bcryptjs@2.4.3": {
      "integrity": "sha512-V/Hy/X9Vt7f3BbPJEi8BdVFMByHi+jNXrYkW3huaybV/kQ0KJg0Y6PkEMbn+zeT+i+SiKZ/HMqJGIIt4LZDqNQ=="
    },
    "brace-expansion@2.0.2": {
      "integrity": "sha512-Jt0vHyM+jmUBqojB7E1NIYadt0vI0Qxjxd2TErW94wDz+E2LAm5vKMXXwg6ZZBTHPuUlDgQHKXvjGBdfcF1ZDQ==",
      "dependencies": [
        "balanced-match"
      ]
    },
    "camelcase@6.3.0": {
      "integrity": "sha512-Gmy6FhYlCY7uOElZUSbxo2UCDH8owEk996gkbrpsgGtrJLM3J7jGxl9Ic7Qwwj4ivOE5AWZWRMecDdF7hqGjFA=="
    },
    "chalk@4.1.2": {
      "integrity": "sha512-oKnbhFyRIXpUuez8iBMmyEa4nbj4IOQyuhc/wy9kY7/WVPcwIO9VA668Pu8RkO7+0G76SLROeyw9CpQ061i4mA==",
      "dependencies": [
        "ansi-styles@4.3.0",
        "supports-color"
      ]
    },
    "color-convert@2.0.1": {
      "integrity": "sha512-RRECPsj7iu/xb5oKYcsFHSppFNnsj/52OVTRKb4zP5onXwVF3zVmmToNcOfGC+CRDpfK/U584fMg38ZHCaElKQ==",
      "dependencies": [
        "color-name"
      ]
    },
    "color-name@1.1.4": {
      "integrity": "sha512-dOy+3AuW3a2wNbZHIuMZpTcgjGuLU/uBL/ubcZF9OXbDo8ff4O8yVp5Bf0efS8uEoYo5q4Fx7dY9OgQGXgAsQA=="
    },
    "commander@4.1.1": {
      "integrity": "sha512-NOKm8xhkzAjzFx8B2v5OAHT+u5pRQc2UCa2Vq9jYL/31o2wi9mxBA7LIFs3sV5VSC49z6pEhfbMULvShKj26WA=="
    },
    "console-table-printer@2.15.0": {
      "integrity": "sha512-SrhBq4hYVjLCkBVOWaTzceJalvn5K1Zq5aQA6wXC/cYjI3frKWNPEMK3sZsJfNNQApvCQmgBcc13ZKmFj8qExw==",
      "dependencies": [
        "simple-wcswidth"
      ]
    },
    "cross-spawn@7.0.6": {
      "integrity": "sha512-uV2QOWP2nWzsy2aMp8aRibhi9dlzF5Hgh5SHaB9OiTGEyDTiJJyx0uy51QXdyWbtAHNua4XJzUKca3OzKUd3vA==",
      "dependencies": [
        "path-key",
        "shebang-command",
        "which@2.0.2"
      ]
    },
    "decamelize@1.2.0": {
      "integrity": "sha512-z2S+W9X73hAUUki+N+9Za2lBlun89zigOyGrsax+KUQ6wKW4ZoWpEYBkGhQjwAjjDCkWxhY0VKEhk8wzY7F5cA=="
    },
    "discordeno@18.0.1": {
      "integrity": "sha512-d3D/HpC39YGInmxy2HK90kPpMMu2gYYsWuwtEEFPWpq2hlR9dvad4ihvLursPz5bj4Ob1NWOgPv3kz/bwMSIpw==",
      "dependencies": [
        "@deno/shim-deno@0.9.0",
        "@deno/shim-timers",
        "undici",
        "ws"
      ]
    },
    "eastasianwidth@0.2.0": {
      "integrity": "sha512-I88TYZWc9XiYHRQ4/3c5rjjfgkjhLyW2luGIheGERbNQ6OY7yTybanSpDXZa8y7VUP9YmDcYa+eyq4ca7iLqWA=="
    },
    "emoji-regex@8.0.0": {
      "integrity": "sha512-MSjYzcWNOA0ewAHpz0MxpYFvwg6yjy1NG3xteoqz644VCo/RPgnr1/GGt+ic3iJTzQ8Eu3TdM14SawnVUmGE6A=="
    },
    "emoji-regex@9.2.2": {
      "integrity": "sha512-L18DaJsXSUk2+42pv8mLs5jJT2hqFkFE4j21wOmgbUqsZ2hL72NsUU785g9RXgo3s0ZNgVl42TiHp3ZtOv/Vyg=="
    },
    "eventemitter3@4.0.7": {
      "integrity": "sha512-8guHBZCwKnFhYdHr2ysuRWErTwhoN2X8XELRlrRwpmfeY2jjuUN4taQMsULKUVo1K4DvZl+0pgfyoysHxvmvEw=="
    },
    "foreground-child@3.3.1": {
      "integrity": "sha512-gIXjKqtFuWEgzFRJA9WCQeSJLZDjgJUOMCMzxtvFq/37KojM1BFGufqsCy0r4qSQmYLsZYMeyRqzIWOMup03sw==",
      "dependencies": [
        "cross-spawn",
        "signal-exit"
      ]
    },
    "glob@10.5.0": {
      "integrity": "sha512-DfXN8DfhJ7NH3Oe7cFmu3NCu1wKbkReJ8TorzSAFbSKrlNaQSKfIzqYqVY8zlbs2NLBbWpRiU52GX2PbaBVNkg==",
      "dependencies": [
        "foreground-child",
        "jackspeak",
        "minimatch",
        "minipass",
        "package-json-from-dist",
        "path-scurry"
      ],
      "deprecated": true,
      "bin": true
    },
    "has-flag@4.0.0": {
      "integrity": "sha512-EykJT/Q1KjTWctppgIAgfSO0tKVuZUjhgMr17kqTumMl6Afv3EISleU7qZUzoXDFTAHTDC4NOoG/ZxU3EvlMPQ=="
    },
    "is-fullwidth-code-point@3.0.0": {
      "integrity": "sha512-zymm5+u+sCsSWyD9qNaejV3DFvhCKclKdizYaJUuHA83RLjb7nSuGnddCHGv0hk+KY7BMAlsWeK4Ueg6EV6XQg=="
    },
    "isexe@2.0.0": {
      "integrity": "sha512-RHxMLp9lnKHGHRng9QFhRCMbYAcVpn69smSGcq3f36xjgVVWThj4qqLbTLlq7Ssj8B+fIQ1EuCEGI2lKsyQeIw=="
    },
    "isexe@3.1.5": {
      "integrity": "sha512-6B3tLtFqtQS4ekarvLVMZ+X+VlvQekbe4taUkf/rhVO3d/h0M2rfARm/pXLcPEsjjMsFgrFgSrhQIxcSVrBz8w=="
    },
    "jackspeak@3.4.3": {
      "integrity": "sha512-OGlZQpz2yfahA/Rd1Y8Cd9SIEsqvXkLVoSw/cgwhnhFMDbsQFeZYoJJ7bIZBS9BcamUW96asq/npPWugM+RQBw==",
      "dependencies": [
        "@isaacs/cliui"
      ],
      "optionalDependencies": [
        "@pkgjs/parseargs"
      ]
    },
    "js-tiktoken@1.0.21": {
      "integrity": "sha512-biOj/6M5qdgx5TKjDnFT1ymSpM5tbd3ylwDtrQvFQSu0Z7bBYko2dF+W/aUkXUPuk6IVpRxk/3Q2sHOzGlS36g==",
      "dependencies": [
        "base64-js"
      ]
    },
    "langsmith@0.3.87": {
      "integrity": "sha512-XXR1+9INH8YX96FKWc5tie0QixWz6tOqAsAKfcJyPkE0xPep+NDz0IQLR32q4bn10QK3LqD2HN6T3n6z1YLW7Q==",
      "dependencies": [
        "@types/uuid",
        "chalk",
        "console-table-printer",
        "p-queue",
        "semver",
        "uuid@10.0.0"
      ]
    },
    "lines-and-columns@1.2.4": {
      "integrity": "sha512-7ylylesZQ/PV29jhEDl3Ufjo6ZX7gCqJr5F7PKrqc93v7fzSymt1BpwEU8nAUXs8qzzvqhbjhK5QZg6Mt/HkBg=="
    },
    "lodash-es@4.17.21": {
      "integrity": "sha512-mKnC+QJ9pWVzv+C4/U3rRsHapFfHvQFoFB92e52xeyGMcX6/OlIl78je1u8vePzYZSkkogMPJ2yjxxsb89cxyw=="
    },
    "lodash@4.17.23": {
      "integrity": "sha512-LgVTMpQtIopCi79SJeDiP0TfWi5CNEc/L/aRdTh3yIvmZXTnheWpKjSZhnvMl8iXbC1tFg9gdHHDMLoV7CnG+w=="
    },
    "lru-cache@10.4.3": {
      "integrity": "sha512-JNAzZcXrCt42VGLuYz0zfAzDfAvJWW6AfYlDBQyDV5DClI2m5sAmK+OIO7s59XfsRsWHp02jAJrRadPRGTt6SQ=="
    },
    "minimatch@9.0.9": {
      "integrity": "sha512-OBwBN9AL4dqmETlpS2zasx+vTeWclWzkblfZk7KTA5j3jeOONz/tRCnZomUyvNg83wL5Zv9Ss6HMJXAgL8R2Yg==",
      "dependencies": [
        "brace-expansion"
      ]
    },
    "minipass@7.1.3": {
      "integrity": "sha512-tEBHqDnIoM/1rXME1zgka9g6Q2lcoCkxHLuc7ODJ5BxbP5d4c2Z5cGgtXAku59200Cx7diuHTOYfSBD8n6mm8A=="
    },
    "mustache@4.2.0": {
      "integrity": "sha512-71ippSywq5Yb7/tVYyGbkBggbU8H3u5Rz56fH60jGFgr8uHwxs+aSKeqmluIVzM0m0kB7xQjKS6qPfd0b2ZoqQ==",
      "bin": true
    },
    "mz@2.7.0": {
      "integrity": "sha512-z81GNO7nnYMEhrGh9LeymoE4+Yr0Wn5McHIZMK5cfQCl+NDX08sCZgUc9/6MHni9IWuFLm1Z3HTCXu2z9fN62Q==",
      "dependencies": [
        "any-promise",
        "object-assign",
        "thenify-all"
      ]
    },
    "object-assign@4.1.1": {
      "integrity": "sha512-rJgTQnkUnH1sFw8yT6VSU3zD3sWmu6sZhIseY8VX+GRu3P6F7Fu+JNDoXfklElbLJSnc3FUQHVe4cU5hj+BcUg=="
    },
    "p-finally@1.0.0": {
      "integrity": "sha512-LICb2p9CB7FS+0eR1oqWnHhp0FljGLZCWBE9aix0Uye9W8LTQPwMTYVGWQWIw9RdQiDg4+epXQODwIYJtSJaow=="
    },
    "p-queue@6.6.2": {
      "integrity": "sha512-RwFpb72c/BhQLEXIZ5K2e+AhgNVmIejGlTgiB9MzZ0e93GRvqZ7uSi0dvRF7/XIXDeNkra2fNHBxTyPDGySpjQ==",
      "dependencies": [
        "eventemitter3",
        "p-timeout"
      ]
    },
    "p-retry@4.6.2": {
      "integrity": "sha512-312Id396EbJdvRONlngUx0NydfrIQ5lsYu0znKVUzVvArzEIt08V1qhtyESbGVd1FGX7UKtiFp5uwKZdM8wIuQ==",
      "dependencies": [
        "@types/retry",
        "retry"
      ]
    },
    "p-timeout@3.2.0": {
      "integrity": "sha512-rhIwUycgwwKcP9yTOOFK/AKsAopjjCakVqLHePO3CC6Mir1Z99xT+R63jZxAT5lFZLa2inS5h+ZS2GvR99/FBg==",
      "dependencies": [
        "p-finally"
      ]
    },
    "package-json-from-dist@1.0.1": {
      "integrity": "sha512-UEZIS3/by4OC8vL3P2dTXRETpebLI2NiI5vIrjaD/5UtrkFX/tNbwjTSRAGC/+7CAo2pIcBaRgWmcBBHcsaCIw=="
    },
    "path-key@3.1.1": {
      "integrity": "sha512-ojmeN0qd+y0jszEtoY48r0Peq5dwMEkIlCOu6Q5f41lfkswXuKtYrhgoTpLnyIcHm24Uhqx+5Tqm2InSwLhE6Q=="
    },
    "path-scurry@1.11.1": {
      "integrity": "sha512-Xa4Nw17FS9ApQFJ9umLiJS4orGjm7ZzwUrwamcGQuHSzDyth9boKDaycYdDcZDuqYATXw4HFXgaqWTctW/v1HA==",
      "dependencies": [
        "lru-cache",
        "minipass"
      ]
    },
    "pegjs@0.10.0": {
      "integrity": "sha512-qI5+oFNEGi3L5HAxDwN2LA4Gg7irF70Zs25edhjld9QemOgp0CbvMtbFcMvFtEo1OityPrcCzkQFB8JP/hxgow==",
      "bin": true
    },
    "pirates@4.0.7": {
      "integrity": "sha512-TfySrs/5nm8fQJDcBDuUng3VOUKsd7S+zqvbOTiGXHfxX4wK31ard+hoNuvkicM/2YFzlpDgABOevKSsB4G/FA=="
    },
    "preact@10.22.0": {
      "integrity": "sha512-RRurnSjJPj4rp5K6XoP45Ui33ncb7e4H7WiOHVpjbkvqvA3U+N8Z6Qbo0AE6leGYBV66n8EhEaFixvIu3SkxFw=="
    },
    "quickjs-emscripten-core@0.29.0": {
      "integrity": "sha512-1g9ufaiH7FaZ5sF5qkMZrAI4yMAtvmBmt7e9TywIBGWgL2AYNkwwtx8lqKIwZbPHq0jybCZdZ71QYiBc916Suw==",
      "dependencies": [
        "@jitl/quickjs-ffi-types"
      ]
    },
    "quickjs-emscripten@0.29.0": {
      "integrity": "sha512-jXzbZIe7/Aqvue455Xu8ecaI6FzSRm28rBSO/4EwgakEV9ub5vF2VG7svrt4LxDL77JkXVQ0brn8Uxis7r78ng==",
      "dependencies": [
        "@jitl/quickjs-wasmfile-debug-asyncify",
        "@jitl/quickjs-wasmfile-debug-sync",
        "@jitl/quickjs-wasmfile-release-asyncify",
        "@jitl/quickjs-wasmfile-release-sync",
        "quickjs-emscripten-core"
      ]
    },
    "retry@0.13.1": {
      "integrity": "sha512-XQBQ3I8W1Cge0Seh+6gjj03LbmRFWuoszgK9ooCpwYIrhhoO80pfq4cUkU5DkknwfOfFteRwlZ56PYOGYyFWdg=="
    },
    "semver@7.7.3": {
      "integrity": "sha512-SdsKMrI9TdgjdweUSR9MweHA4EJ8YxHn8DFaDisvhVlUOe4BF1tLD7GAj0lIqWVl+dPb/rExr0Btby5loQm20Q==",
      "bin": true
    },
    "shebang-command@2.0.0": {
      "integrity": "sha512-kHxr2zZpYtdmrN1qDjrrX/Z1rR1kG8Dx+gkpK1G4eXmvXswmcE1hTWBWYUzlraYw1/yZp6YuDY77YtvbN0dmDA==",
      "dependencies": [
        "shebang-regex"
      ]
    },
    "shebang-regex@3.0.0": {
      "integrity": "sha512-7++dFhtcx3353uBaq8DDR4NuxBetBzC7ZQOhmTQInHEd6bSrXdiEyzCvG07Z44UYdLShWUyXt5M/yhz8ekcb1A=="
    },
    "signal-exit@4.1.0": {
      "integrity": "sha512-bzyZ1e88w9O1iNJbKnOlvYTrWPDl46O1bG0D3XInv+9tkPrxrN8jUUTiFlDkkmKWgn1M6CfIA13SuGqOa9Korw=="
    },
    "simple-wcswidth@1.1.2": {
      "integrity": "sha512-j7piyCjAeTDSjzTSQ7DokZtMNwNlEAyxqSZeCS+CXH7fJ4jx3FuJ/mTW3mE+6JLs4VJBbcll0Kjn+KXI5t21Iw=="
    },
    "string-width@4.2.3": {
      "integrity": "sha512-wKyQRQpjJ0sIp62ErSZdGsjMJWsap5oRNihHhu6G7JVO/9jIB6UyevL+tXuOqrng8j/cxKTWyWUwvSTriiZz/g==",
      "dependencies": [
        "emoji-regex@8.0.0",
        "is-fullwidth-code-point",
        "strip-ansi@6.0.1"
      ]
    },
    "string-width@5.1.2": {
      "integrity": "sha512-HnLOCR3vjcY8beoNLtcjZ5/nxn2afmME6lhrDrebokqMap+XbeW8n9TXpPDOqdGK5qcI3oT0GKTW6wC7EMiVqA==",
      "dependencies": [
        "eastasianwidth",
        "emoji-regex@9.2.2",
        "strip-ansi@7.2.0"
      ]
    },
    "strip-ansi@6.0.1": {
      "integrity": "sha512-Y38VPSHcqkFrCpFnQ9vuSXmquuv5oXOKpGeT6aGrr3o3Gc9AlVa6JBfUSOCnbxGGZF+/0ooI7KrPuUSztUdU5A==",
      "dependencies": [
        "ansi-regex@5.0.1"
      ]
    },
    "strip-ansi@7.2.0": {
      "integrity": "sha512-yDPMNjp4WyfYBkHnjIRLfca1i6KMyGCtsVgoKe/z1+6vukgaENdgGBZt+ZmKPc4gavvEZ5OgHfHdrazhgNyG7w==",
      "dependencies": [
        "ansi-regex@6.2.2"
      ]
    },
    "sucrase@3.35.0": {
      "integrity": "sha512-8EbVDiu9iN/nESwxeSxDKe0dunta1GOlHufmSSXxMD2z2/tMZpDMpvXQGsc+ajGo8y2uYUmixaSRUc/QPoQ0GA==",
      "dependencies": [
        "@jridgewell/gen-mapping",
        "commander",
        "glob",
        "lines-and-columns",
        "mz",
        "pirates",
        "ts-interface-checker"
      ],
      "bin": true
    },
    "supports-color@7.2.0": {
      "integrity": "sha512-qpCAvRl9stuOHveKsn7HncJRvv501qIacKzQlO/+Lwxc9+0q2wLyv4Dfvt80/DPn2pqOBsJdDiogXGR9+OvwRw==",
      "dependencies": [
        "has-flag"
      ]
    },
    "thenify-all@1.6.0": {
      "integrity": "sha512-RNxQH/qI8/t3thXJDwcstUO4zeqo64+Uy/+sNVRBx4Xn2OX+OZ9oP+iJnNFqplFra2ZUVeKCSa2oVWi3T4uVmA==",
      "dependencies": [
        "thenify"
      ]
    },
    "thenify@3.3.1": {
      "integrity": "sha512-RVZSIV5IG10Hk3enotrhvz0T9em6cyHBLkH/YAZuKqd8hRkKhSfCGIcP2KUY0EPxndzANBmNllzWPwak+bheSw==",
      "dependencies": [
        "any-promise"
      ]
    },
    "ts-interface-checker@0.1.13": {
      "integrity": "sha512-Y/arvbn+rrz3JCKl9C4kVNfTfSm2/mEp5FSz5EsZSANGPSlQrpRI5M4PKF+mJnE52jOO90PnPSc3Ur3bTQw0gA=="
    },
    "undici@5.29.0": {
      "integrity": "sha512-raqeBD6NQK4SkWhQzeYKd1KmIG6dllBOTt55Rmkt4HtI9mwdWtJljnrXjAFUBLTSN67HWrOIZ3EPF4kjUw80Bg==",
      "dependencies": [
        "@fastify/busboy"
      ]
    },
    "uuid@10.0.0": {
      "integrity": "sha512-8XkAphELsDnEGrDxUOHB3RGvXz6TeuYSGEZBOjtTtPm2lwhGBjLgOzLHB63IUWfBpNucQjND6d3AOudO+H3RWQ==",
      "bin": true
    },
    "uuid@11.1.0": {
      "integrity": "sha512-0/A9rDy9P7cJ+8w1c9WD9V//9Wj15Ce2MPz8Ri6032usz+NfePxx5AcN3bN+r6ZL6jEo066/yNYB3tn4pQEx+A==",
      "bin": true
    },
    "uuid@9.0.1": {
      "integrity": "sha512-b+1eJOlsR9K8HJpow9Ok3fiWOWSIcIzXodvv0rQjVoOVNpWMpxf1wZNpt4y9h10odCNrqnYp1OBzRktckBe3sA==",
      "bin": true
    },
    "which@2.0.2": {
      "integrity": "sha512-BLI3Tl1TW3Pvl70l3yq3Y64i+awpwXqsGBYWkkqMtnbXgrMD+yj7rhW0kuEDxzJaYXGjEW5ogapKNMEKNMjibA==",
      "dependencies": [
        "isexe@2.0.0"
      ],
      "bin": true
    },
    "which@4.0.0": {
      "integrity": "sha512-GlaYyEb07DPxYCKhKzplCWBJtvxZcZMrL+4UkrTSJHHPyZU4mYYTv3qaOe77H7EODLSSopAUFAc6W8U4yqvscg==",
      "dependencies": [
        "isexe@3.1.5"
      ],
      "bin": true
    },
    "wrap-ansi@7.0.0": {
      "integrity": "sha512-YVGIj2kamLSTxw6NsZjoBxfSwsn0ycdesmc4p+Q21c5zPuZ1pl+NfxVdxPtdHvmNVOQ6XSYG4AUtyt/Fi7D16Q==",
      "dependencies": [
        "ansi-styles@4.3.0",
        "string-width@4.2.3",
        "strip-ansi@6.0.1"
      ]
    },
    "wrap-ansi@8.1.0": {
      "integrity": "sha512-si7QWI6zUMq56bESFvagtmzMdGOtoxfR+Sez11Mobfc7tm+VkUckk9bW2UeffTGVUbOksxmSw0AA2gs8g71NCQ==",
      "dependencies": [
        "ansi-styles@6.2.3",
        "string-width@5.1.2",
        "strip-ansi@7.2.0"
      ]
    },
    "ws@8.19.0": {
      "integrity": "sha512-blAT2mjOEIi0ZzruJfIhb3nps74PRWTCz1IjglWEEpQl5XS/UNama6u2/rjFkDDouqr4L67ry+1aGIALViWjDg=="
    },
    "zod-to-json-schema@3.25.1_zod@3.25.76": {
      "integrity": "sha512-pM/SU9d3YAggzi6MtR4h7ruuQlqKtad8e9S0fmxcMi+ueAK5Korys/aWcV9LIIHTVbj01NdzxcnXSN+O74ZIVA==",
      "dependencies": [
        "zod@3.25.76"
      ]
    },
    "zod@3.25.76": {
      "integrity": "sha512-gzUt/qt81nXsFGKIFcC3YnfEAx5NkunCfnDlvuBSSFS02bcXu4Lmea0AFIUwbLWxWPx3d9p8S5QoaujKcNQxcQ=="
    },
    "zod@4.3.6": {
      "integrity": "sha512-rftlrkhHZOcjDwkGlnUtZZkvaPHCsDATp4pGpuOOMDaTdDDXF91wuVDJoWoPsKX/3YPQ5fHuF3STjcYyKr+Qhg=="
    }
  },
  "workspace": {
    "dependencies": [
      "jsr:@std/assert@0.224",
      "jsr:@std/dotenv@0.224",
      "jsr:@std/flags@0.224",
      "jsr:@std/fmt@0.224",
      "jsr:@std/fs@0.224",
      "jsr:@std/path@0.224",
      "jsr:@ursamu/ursamu@1.5.0",
      "jsr:@ursamu/ursamu@1.5.6",
      "jsr:@zaubrik/djwt@^3.0.2",
      "npm:@digibear/tags@1.0.0",
      "npm:@langchain/core@0.3",
      "npm:@langchain/google-genai@0.2",
      "npm:@langchain/langgraph@0.2",
      "npm:@ursamu/parser@1.2.4",
      "npm:bcryptjs@2.4.3",
      "npm:lodash-es@4.17.21",
      "npm:preact@10.22.0",
      "npm:quickjs-emscripten@0.29.0",
      "npm:zod@^3.23.0"
    ]
  }
}
